
Microsoft Visual Studio Solution File, Format Version 12.00
# Visual Studio Version 17
VisualStudioVersion = 17.9.34616.47
MinimumVisualStudioVersion = 10.0.40219.1
Project("{FAE04EC0-301F-11D3-BF4B-00C04F79EFBC}") = "SistemaVenta.Entity", "SistemaVenta.Entity\SistemaVenta.Entity.csproj", "{E2F1F6AD-2B06-46A8-86D5-B5D5DDAAD8E1}"
EndProject
Project("{FAE04EC0-301F-11D3-BF4B-00C04F79EFBC}") = "SistemaVenta.DAL", "SistemaVenta.DAL\SistemaVenta.DAL.csproj", "{A24FB8DE-C9E4-4CF2-B60B-CFDCDC8838EB}"
EndProject
Project("{FAE04EC0-301F-11D3-BF4B-00C04F79EFBC}") = "SistemaVenta.BLL", "SistemaVenta.BLL\SistemaVenta.BLL.csproj", "{C0CFB232-2B89-4453-9533-C6992572F5F0}"
EndProject
Project("{FAE04EC0-301F-11D3-BF4B-00C04F79EFBC}") = "SistemaVenta.IOC", "SistemaVenta.IOC\SistemaVenta.IOC.csproj", "{DE541F76-7C39-46C2-A72E-5257C0AF8724}"
EndProject
Project("{FAE04EC0-301F-11D3-BF4B-00C04F79EFBC}") = "SistemaVenta.AplicacionWeb", "SistemaVenta.AplicacionWeb\SistemaVenta.AplicacionWeb.csproj", "{2CF8047D-8D78-492E-A1B6-8165A4B458AB}"
EndProject
Global
	GlobalSection(SolutionConfigurationPlatforms) = preSolution
		Debug|Any CPU = Debug|Any CPU
		Release|Any CPU = Release|Any CPU
	EndGlobalSection
	GlobalSection(ProjectConfigurationPlatforms) = postSolution
		{E2F1F6AD-2B06-46A8-86D5-B5D5DDAAD8E1}.Debug|Any CPU.ActiveCfg = Debug|Any CPU
		{E2F1F6AD-2B06-46A8-86D5-B5D5DDAAD8E1}.Debug|Any CPU.Build.0 = Debug|Any CPU
		{E2F1F6AD-2B06-46A8-86D5-B5D5DDAAD8E1}.Release|Any CPU.ActiveCfg = Release|Any CPU
		{E2F1F6AD-2B06-46A8-86D5-B5D5DDAAD8E1}.Release|Any CPU.Build.0 = Release|Any CPU
		{A24FB8DE-C9E4-4CF2-B60B-CFDCDC8838EB}.Debug|Any CPU.ActiveCfg = Debug|Any CPU
		{A24FB8DE-C9E4-4CF2-B60B-CFDCDC8838EB}.Debug|Any CPU.Build.0 = Debug|Any CPU
		{A24FB8DE-C9E4-4CF2-B60B-CFDCDC8838EB}.Release|Any CPU.ActiveCfg = Release|Any CPU
		{A24FB8DE-C9E4-4CF2-B60B-CFDCDC8838EB}.Release|Any CPU.Build.0 = Release|Any CPU
		{C0CFB232-2B89-4453-9533-C6992572F5F0}.Debug|Any CPU.ActiveCfg = Debug|Any CPU
		{C0CFB232-2B89-4453-9533-C6992572F5F0}.Debug|Any CPU.Build.0 = Debug|Any CPU
		{C0CFB232-2B89-4453-9533-C6992572F5F0}.Release|Any CPU.ActiveCfg = Release|Any CPU
		{C0CFB232-2B89-4453-9533-C6992572F5F0}.Release|Any CPU.Build.0 = Release|Any CPU
		{DE541F76-7C39-46C2-A72E-5257C0AF8724}.Debug|Any CPU.ActiveCfg = Debug|Any CPU
		{DE541F76-7C39-46C2-A72E-5257C0AF8724}.Debug|Any CPU.Build.0 = Debug|Any CPU
		{DE541F76-7C39-46C2-A72E-5257C0AF8724}.Release|Any CPU.ActiveCfg = Release|Any CPU
		{DE541F76-7C39-46C2-A72E-5257C0AF8724}.Release|Any CPU.Build.0 = Release|Any CPU
		{2CF8047D-8D78-492E-A1B6-8165A4B458AB}.Debug|Any CPU.ActiveCfg = Debug|Any CPU
		{2CF8047D-8D78-492E-A1B6-8165A4B458AB}.Debug|Any CPU.Build.0 = Debug|Any CPU
		{2CF8047D-8D78-492E-A1B6-8165A4B458AB}.Release|Any CPU.ActiveCfg = Release|Any CPU
		{2CF8047D-8D78-492E-A1B6-8165A4B458AB}.Release|Any CPU.Build.0 = Release|Any CPU
	EndGlobalSection
	GlobalSection(SolutionProperties) = preSolution
		HideSolutionNode = FALSE
	EndGlobalSection
	GlobalSection(ExtensibilityGlobals) = postSolution
		SolutionGuid = {D6C58F92-86D0-4969-ABA1-7750233C7117}
	EndGlobalSection
EndGlobal
